
Microsoft Visual Studio Solution File, Format Version 12.00
# Visual Studio 14
VisualStudioVersion = 14.0.25420.1
MinimumVisualStudioVersion = 10.0.40219.1
Project("{8BC9CEB8-8B4A-11D0-8D11-00A0C91BC942}") = "testing", "testing\testing.vcxproj", "{E57EA8F7-B586-4C59-AC2C-8794B1490BF3}"
	ProjectSection(ProjectDependencies) = postProject
		{C82D5F72-6CFE-4C8E-A34B-AEB0981CA925} = {C82D5F72-6CFE-4C8E-A34B-AEB0981CA925}
	EndProjectSection
EndProject
Project("{8BC9CEB8-8B4A-11D0-8D11-00A0C91BC942}") = "Eden", "Eden\Eden.vcxproj", "{C82D5F72-6CFE-4C8E-A34B-AEB0981CA925}"
EndProject
Project("{8BC9CEB8-8B4A-11D0-8D11-00A0C91BC942}") = "UnitTests", "UnitTests\UnitTests.vcxproj", "{8E96F4A6-5B3E-4B99-AC0E-39257E69CE11}"
	ProjectSection(ProjectDependencies) = postProject
		{C82D5F72-6CFE-4C8E-A34B-AEB0981CA925} = {C82D5F72-6CFE-4C8E-A34B-AEB0981CA925}
	EndProjectSection
EndProject
Global
	GlobalSection(SolutionConfigurationPlatforms) = preSolution
		Debug|x64 = Debug|x64
		Debug|x86 = Debug|x86
		Release|x64 = Release|x64
		Release|x86 = Release|x86
	EndGlobalSection
	GlobalSection(ProjectConfigurationPlatforms) = postSolution
		{E57EA8F7-B586-4C59-AC2C-8794B1490BF3}.Debug|x64.ActiveCfg = Debug|x64
		{E57EA8F7-B586-4C59-AC2C-8794B1490BF3}.Debug|x64.Build.0 = Debug|x64
		{E57EA8F7-B586-4C59-AC2C-8794B1490BF3}.Debug|x86.ActiveCfg = Debug|Win32
		{E57EA8F7-B586-4C59-AC2C-8794B1490BF3}.Debug|x86.Build.0 = Debug|Win32
		{E57EA8F7-B586-4C59-AC2C-8794B1490BF3}.Release|x64.ActiveCfg = Release|x64
		{E57EA8F7-B586-4C59-AC2C-8794B1490BF3}.Release|x64.Build.0 = Release|x64
		{E57EA8F7-B586-4C59-AC2C-8794B1490BF3}.Release|x86.ActiveCfg = Release|Win32
		{E57EA8F7-B586-4C59-AC2C-8794B1490BF3}.Release|x86.Build.0 = Release|Win32
		{C82D5F72-6CFE-4C8E-A34B-AEB0981CA925}.Debug|x64.ActiveCfg = Debug|x64
		{C82D5F72-6CFE-4C8E-A34B-AEB0981CA925}.Debug|x64.Build.0 = Debug|x64
		{C82D5F72-6CFE-4C8E-A34B-AEB0981CA925}.Debug|x86.ActiveCfg = Debug|Win32
		{C82D5F72-6CFE-4C8E-A34B-AEB0981CA925}.Debug|x86.Build.0 = Debug|Win32
		{C82D5F72-6CFE-4C8E-A34B-AEB0981CA925}.Release|x64.ActiveCfg = Release|x64
		{C82D5F72-6CFE-4C8E-A34B-AEB0981CA925}.Release|x64.Build.0 = Release|x64
		{C82D5F72-6CFE-4C8E-A34B-AEB0981CA925}.Release|x86.ActiveCfg = Release|Win32
		{C82D5F72-6CFE-4C8E-A34B-AEB0981CA925}.Release|x86.Build.0 = Release|Win32
		{8E96F4A6-5B3E-4B99-AC0E-39257E69CE11}.Debug|x64.ActiveCfg = Debug|x64
		{8E96F4A6-5B3E-4B99-AC0E-39257E69CE11}.Debug|x64.Build.0 = Debug|x64
		{8E96F4A6-5B3E-4B99-AC0E-39257E69CE11}.Debug|x86.ActiveCfg = Debug|Win32
		{8E96F4A6-5B3E-4B99-AC0E-39257E69CE11}.Debug|x86.Build.0 = Debug|Win32
		{8E96F4A6-5B3E-4B99-AC0E-39257E69CE11}.Release|x64.ActiveCfg = Release|x64
		{8E96F4A6-5B3E-4B99-AC0E-39257E69CE11}.Release|x64.Build.0 = Release|x64
		{8E96F4A6-5B3E-4B99-AC0E-39257E69CE11}.Release|x86.ActiveCfg = Release|Win32
		{8E96F4A6-5B3E-4B99-AC0E-39257E69CE11}.Release|x86.Build.0 = Release|Win32
	EndGlobalSection
	GlobalSection(SolutionProperties) = preSolution
		HideSolutionNode = FALSE
	EndGlobalSection
EndGlobal
