<?xml version="1.0" encoding="utf-8"?>
<Project ToolsVersion="4.0" xmlns="http://schemas.microsoft.com/developer/msbuild/2003">
  <ItemGroup>
    <Filter Include="Core">
      <UniqueIdentifier>{1aa98213-3ef6-4273-af20-1700154c0ce5}</UniqueIdentifier>
    </Filter>
    <Filter Include="Logger">
      <UniqueIdentifier>{f61c0344-b1f5-4817-a4d8-8e54d9e4fcf0}</UniqueIdentifier>
    </Filter>
    <Filter Include="Game">
      <UniqueIdentifier>{4915b16d-97b3-41dc-b920-5839c3a6a7e5}</UniqueIdentifier>
    </Filter>
    <Filter Include="Math">
      <UniqueIdentifier>{05919c56-a05a-4134-b03b-95e63a14b010}</UniqueIdentifier>
    </Filter>
    <Filter Include="Graphics">
      <UniqueIdentifier>{77ddd31d-3783-471d-8fe1-843cc3ed040a}</UniqueIdentifier>
    </Filter>
    <Filter Include="Entity">
      <UniqueIdentifier>{525f5b67-80c6-415c-bb88-daf669165756}</UniqueIdentifier>
    </Filter>
  </ItemGroup>
  <ItemGroup>
    <ClInclude Include="..\..\Eden\Core\Platform.h">
      <Filter>Core</Filter>
    </ClInclude>
    <ClInclude Include="..\..\Eden\Core\OS.h">
      <Filter>Core</Filter>
    </ClInclude>
    <ClInclude Include="..\..\Eden\Core\Types.h">
      <Filter>Core</Filter>
    </ClInclude>
    <ClInclude Include="..\..\Eden\Core\Debug.h">
      <Filter>Core</Filter>
    </ClInclude>
    <ClInclude Include="..\..\Eden\Core\Utility.h">
      <Filter>Core</Filter>
    </ClInclude>
    <ClInclude Include="..\..\Eden\Core\ScopeGuard.h">
      <Filter>Core</Filter>
    </ClInclude>
    <ClInclude Include="..\..\Eden\Core\Common.h">
      <Filter>Core</Filter>
    </ClInclude>
    <ClInclude Include="..\..\Eden\Precompiled.h" />
    <ClInclude Include="..\..\Eden\Logging\Log.h">
      <Filter>Logger</Filter>
    </ClInclude>
    <ClInclude Include="..\..\Eden\Game\Window.h">
      <Filter>Game</Filter>
    </ClInclude>
    <ClInclude Include="..\..\Eden\Game\Input.h">
      <Filter>Game</Filter>
    </ClInclude>
    <ClInclude Include="..\..\Eden\Core\AssetManager.h">
      <Filter>Core</Filter>
    </ClInclude>
    <ClInclude Include="..\..\Eden\Core\AssetPool.h">
      <Filter>Core</Filter>
    </ClInclude>
    <ClInclude Include="..\..\Eden\Math\Matrix.h">
      <Filter>Math</Filter>
    </ClInclude>
    <ClInclude Include="..\..\Eden\Math\Quaternion.h">
      <Filter>Math</Filter>
    </ClInclude>
    <ClInclude Include="..\..\Eden\Math\Vector.h">
      <Filter>Math</Filter>
    </ClInclude>
    <ClInclude Include="..\..\Eden\Math\Math.h">
      <Filter>Math</Filter>
    </ClInclude>
    <ClInclude Include="..\..\Eden\Graphics\Buffer.h">
      <Filter>Graphics</Filter>
    </ClInclude>
    <ClInclude Include="..\..\Eden\Graphics\Mesh.h">
      <Filter>Graphics</Filter>
    </ClInclude>
    <ClInclude Include="..\..\Eden\Graphics\VertexAttribute.h">
      <Filter>Graphics</Filter>
    </ClInclude>
    <ClInclude Include="..\..\Eden\Core\Shareable.h">
      <Filter>Core</Filter>
    </ClInclude>
    <ClInclude Include="..\..\Eden\Core\TypeMap.h">
      <Filter>Core</Filter>
    </ClInclude>
    <ClInclude Include="..\..\Eden\Core\Unique.h">
      <Filter>Core</Filter>
    </ClInclude>
    <ClInclude Include="..\..\Eden\Entity\Guid.h">
      <Filter>Entity</Filter>
    </ClInclude>
    <ClInclude Include="..\..\Eden\Entity\Component.h">
      <Filter>Entity</Filter>
    </ClInclude>
    <ClInclude Include="..\..\Eden\Entity\Database.h">
      <Filter>Entity</Filter>
    </ClInclude>
    <ClInclude Include="..\..\Eden\Entity\System.h">
      <Filter>Entity</Filter>
    </ClInclude>
    <ClInclude Include="..\..\Eden\Core\MacroHelpers.h">
      <Filter>Core</Filter>
    </ClInclude>
    <ClInclude Include="..\..\Eden\Core\TypeInfo.h">
      <Filter>Core</Filter>
    </ClInclude>
    <ClInclude Include="..\..\Eden\Core\MD5.h">
      <Filter>Core</Filter>
    </ClInclude>
    <ClInclude Include="Query.h">
      <Filter>Entity</Filter>
    </ClInclude>
    <ClInclude Include="..\..\Eden\Entity\Query.h">
      <Filter>Entity</Filter>
    </ClInclude>
  </ItemGroup>
  <ItemGroup>
    <ClCompile Include="..\..\Eden\Core\OS.cpp">
      <Filter>Core</Filter>
    </ClCompile>
    <ClCompile Include="..\..\Eden\Precompiled.cpp" />
    <ClCompile Include="..\..\Eden\Game\Window.cpp">
      <Filter>Game</Filter>
    </ClCompile>
    <ClCompile Include="..\..\Eden\Game\Input.cpp">
      <Filter>Game</Filter>
    </ClCompile>
    <ClCompile Include="..\..\Eden\Core\AssetManager.cpp">
      <Filter>Core</Filter>
    </ClCompile>
    <ClCompile Include="..\..\Eden\Math\Matrix.cpp">
      <Filter>Math</Filter>
    </ClCompile>
    <ClCompile Include="..\..\Eden\Math\Quaternion.cpp">
      <Filter>Math</Filter>
    </ClCompile>
    <ClCompile Include="..\..\Eden\Math\Vector.cpp">
      <Filter>Math</Filter>
    </ClCompile>
    <ClCompile Include="..\..\Eden\Graphics\Mesh.cpp">
      <Filter>Graphics</Filter>
    </ClCompile>
    <ClCompile Include="..\..\Eden\Graphics\VertexAttribute.cpp">
      <Filter>Graphics</Filter>
    </ClCompile>
    <ClCompile Include="..\..\Eden\Graphics\Buffer.cpp">
      <Filter>Graphics</Filter>
    </ClCompile>
    <ClCompile Include="..\..\Eden\Core\MD5.cpp">
      <Filter>Core</Filter>
    </ClCompile>
  </ItemGroup>
</Project>