<?xml version="1.0" encoding="utf-8"?>
<Project ToolsVersion="4.0" xmlns="http://schemas.microsoft.com/developer/msbuild/2003">
  <ItemGroup>
    <Filter Include="Core">
      <UniqueIdentifier>{1aa98213-3ef6-4273-af20-1700154c0ce5}</UniqueIdentifier>
    </Filter>
  </ItemGroup>
  <ItemGroup>
    <ClInclude Include="..\..\Eden\Core\Platform.h">
      <Filter>Core</Filter>
    </ClInclude>
    <ClInclude Include="..\..\Eden\Core\OS.h">
      <Filter>Core</Filter>
    </ClInclude>
    <ClInclude Include="..\..\Eden\Core\Types.h">
      <Filter>Core</Filter>
    </ClInclude>
    <ClInclude Include="..\..\Eden\Core\Debug.h">
      <Filter>Core</Filter>
    </ClInclude>
    <ClInclude Include="..\..\Eden\Core\Utility.h">
      <Filter>Core</Filter>
    </ClInclude>
    <ClInclude Include="..\..\Eden\Core\ScopeGuard.h">
      <Filter>Core</Filter>
    </ClInclude>
    <ClInclude Include="..\..\Eden\Core\Common.h">
      <Filter>Core</Filter>
    </ClInclude>
    <ClInclude Include="..\..\Eden\Precompiled.h" />
  </ItemGroup>
  <ItemGroup>
    <ClCompile Include="..\..\Eden\Core\OS.cpp">
      <Filter>Core</Filter>
    </ClCompile>
    <ClCompile Include="..\..\Eden\Precompiled.cpp" />
  </ItemGroup>
</Project>