<?xml version="1.0" encoding="utf-8"?>
<Project ToolsVersion="4.0" xmlns="http://schemas.microsoft.com/developer/msbuild/2003">
  <ItemGroup>
    <Filter Include="Entity">
      <UniqueIdentifier>{050d0655-7fe4-4a54-91f5-b22d6b3d0332}</UniqueIdentifier>
    </Filter>
    <Filter Include="Core">
      <UniqueIdentifier>{5d387e9a-4aac-4021-a6dd-dbd02d42ce3d}</UniqueIdentifier>
    </Filter>
  </ItemGroup>
  <ItemGroup>
    <ClCompile Include="..\..\Tests\UnitTest.cpp" />
    <ClCompile Include="..\..\Tests\Entity\Entity.UnitTests.cpp">
      <Filter>Entity</Filter>
    </ClCompile>
    <ClCompile Include="..\..\Tests\Core\TypeInfo.UnitTests.cpp">
      <Filter>Core</Filter>
    </ClCompile>
  </ItemGroup>
  <ItemGroup>
    <ClInclude Include="..\..\Tests\UnitTest.h" />
  </ItemGroup>
</Project>